// !$*UTF8*$!
{
	archiveVersion = 1;
	classes = {
	};
	objectVersion = 46;
	objects = {

/* Begin PBXBuildFile section */
		C62996DA1B22EE7100AFD021 /* main.m in Sources */ = {isa = PBXBuildFile; fileRef = C62996D91B22EE7100AFD021 /* main.m */; };
		C62996DD1B22EE7100AFD021 /* AppDelegate.m in Sources */ = {isa = PBXBuildFile; fileRef = C62996DC1B22EE7100AFD021 /* AppDelegate.m */; };
		C62996E01B22EE7100AFD021 /* APImageSelectorVC.m in Sources */ = {isa = PBXBuildFile; fileRef = C62996DF1B22EE7100AFD021 /* APImageSelectorVC.m */; };
		C62996E31B22EE7100AFD021 /* Main.storyboard in Resources */ = {isa = PBXBuildFile; fileRef = C62996E11B22EE7100AFD021 /* Main.storyboard */; };
		C62996E51B22EE7100AFD021 /* Images.xcassets in Resources */ = {isa = PBXBuildFile; fileRef = C62996E41B22EE7100AFD021 /* Images.xcassets */; };
		C62996E81B22EE7100AFD021 /* LaunchScreen.xib in Resources */ = {isa = PBXBuildFile; fileRef = C62996E61B22EE7100AFD021 /* LaunchScreen.xib */; };
		C62996F41B22EE7100AFD021 /* testAPTests.m in Sources */ = {isa = PBXBuildFile; fileRef = C62996F31B22EE7100AFD021 /* testAPTests.m */; };
		C62997131B22EF3F00AFD021 /* AFHTTPRequestOperation.m in Sources */ = {isa = PBXBuildFile; fileRef = C62997011B22EF3F00AFD021 /* AFHTTPRequestOperation.m */; };
		C62997141B22EF3F00AFD021 /* AFHTTPRequestOperationManager.m in Sources */ = {isa = PBXBuildFile; fileRef = C62997031B22EF3F00AFD021 /* AFHTTPRequestOperationManager.m */; };
		C62997151B22EF3F00AFD021 /* AFHTTPSessionManager.m in Sources */ = {isa = PBXBuildFile; fileRef = C62997051B22EF3F00AFD021 /* AFHTTPSessionManager.m */; };
		C62997161B22EF3F00AFD021 /* AFNetworkReachabilityManager.m in Sources */ = {isa = PBXBuildFile; fileRef = C62997081B22EF3F00AFD021 /* AFNetworkReachabilityManager.m */; };
		C62997171B22EF3F00AFD021 /* AFSecurityPolicy.m in Sources */ = {isa = PBXBuildFile; fileRef = C629970A1B22EF3F00AFD021 /* AFSecurityPolicy.m */; };
		C62997181B22EF3F00AFD021 /* AFURLConnectionOperation.m in Sources */ = {isa = PBXBuildFile; fileRef = C629970C1B22EF3F00AFD021 /* AFURLConnectionOperation.m */; };
		C62997191B22EF3F00AFD021 /* AFURLRequestSerialization.m in Sources */ = {isa = PBXBuildFile; fileRef = C629970E1B22EF3F00AFD021 /* AFURLRequestSerialization.m */; };
		C629971A1B22EF3F00AFD021 /* AFURLResponseSerialization.m in Sources */ = {isa = PBXBuildFile; fileRef = C62997101B22EF3F00AFD021 /* AFURLResponseSerialization.m */; };
		C629971B1B22EF3F00AFD021 /* AFURLSessionManager.m in Sources */ = {isa = PBXBuildFile; fileRef = C62997121B22EF3F00AFD021 /* AFURLSessionManager.m */; };
		C629971E1B22F3FB00AFD021 /* APImageCreater.m in Sources */ = {isa = PBXBuildFile; fileRef = C629971D1B22F3FB00AFD021 /* APImageCreater.m */; };
		C62997231B24331A00AFD021 /* libc++.dylib in Frameworks */ = {isa = PBXBuildFile; fileRef = C62997221B24331A00AFD021 /* libc++.dylib */; };
		C62997361B247EAE00AFD021 /* Realm.framework in Frameworks */ = {isa = PBXBuildFile; fileRef = C62997351B247EAE00AFD021 /* Realm.framework */; };
		C629973D1B247F0D00AFD021 /* APAlbum.m in Sources */ = {isa = PBXBuildFile; fileRef = C629973A1B247F0D00AFD021 /* APAlbum.m */; };
		C629973E1B247F0D00AFD021 /* APImage.m in Sources */ = {isa = PBXBuildFile; fileRef = C629973C1B247F0D00AFD021 /* APImage.m */; };
		C62997421B24811700AFD021 /* APImageCell.m in Sources */ = {isa = PBXBuildFile; fileRef = C62997401B24811700AFD021 /* APImageCell.m */; };
		C62997431B24811700AFD021 /* APImageCell.xib in Resources */ = {isa = PBXBuildFile; fileRef = C62997411B24811700AFD021 /* APImageCell.xib */; };
		C6E636111B24E66C0094644D /* APHeaderCollectoinView.m in Sources */ = {isa = PBXBuildFile; fileRef = C6E636101B24E66C0094644D /* APHeaderCollectoinView.m */; };
		C6E636171B24F4AB0094644D /* APFooterCollectionView.m in Sources */ = {isa = PBXBuildFile; fileRef = C6E636161B24F4AB0094644D /* APFooterCollectionView.m */; };
/* End PBXBuildFile section */

/* Begin PBXContainerItemProxy section */
		C62996EE1B22EE7100AFD021 /* PBXContainerItemProxy */ = {
			isa = PBXContainerItemProxy;
			containerPortal = C62996CC1B22EE7100AFD021 /* Project object */;
			proxyType = 1;
			remoteGlobalIDString = C62996D31B22EE7100AFD021;
			remoteInfo = testAP;
		};
/* End PBXContainerItemProxy section */

/* Begin PBXFileReference section */
		C62996D41B22EE7100AFD021 /* testAP.app */ = {isa = PBXFileReference; explicitFileType = wrapper.application; includeInIndex = 0; path = testAP.app; sourceTree = BUILT_PRODUCTS_DIR; };
		C62996D81B22EE7100AFD021 /* Info.plist */ = {isa = PBXFileReference; lastKnownFileType = text.plist.xml; path = Info.plist; sourceTree = "<group>"; };
		C62996D91B22EE7100AFD021 /* main.m */ = {isa = PBXFileReference; lastKnownFileType = sourcecode.c.objc; path = main.m; sourceTree = "<group>"; };
		C62996DB1B22EE7100AFD021 /* AppDelegate.h */ = {isa = PBXFileReference; lastKnownFileType = sourcecode.c.h; path = AppDelegate.h; sourceTree = "<group>"; };
		C62996DC1B22EE7100AFD021 /* AppDelegate.m */ = {isa = PBXFileReference; lastKnownFileType = sourcecode.c.objc; path = AppDelegate.m; sourceTree = "<group>"; };
		C62996DE1B22EE7100AFD021 /* APImageSelectorVC.h */ = {isa = PBXFileReference; lastKnownFileType = sourcecode.c.h; path = APImageSelectorVC.h; sourceTree = "<group>"; };
		C62996DF1B22EE7100AFD021 /* APImageSelectorVC.m */ = {isa = PBXFileReference; lastKnownFileType = sourcecode.c.objc; path = APImageSelectorVC.m; sourceTree = "<group>"; };
		C62996E21B22EE7100AFD021 /* Base */ = {isa = PBXFileReference; lastKnownFileType = file.storyboard; name = Base; path = Base.lproj/Main.storyboard; sourceTree = "<group>"; };
		C62996E41B22EE7100AFD021 /* Images.xcassets */ = {isa = PBXFileReference; lastKnownFileType = folder.assetcatalog; path = Images.xcassets; sourceTree = "<group>"; };
		C62996E71B22EE7100AFD021 /* Base */ = {isa = PBXFileReference; lastKnownFileType = file.xib; name = Base; path = Base.lproj/LaunchScreen.xib; sourceTree = "<group>"; };
		C62996ED1B22EE7100AFD021 /* testAPTests.xctest */ = {isa = PBXFileReference; explicitFileType = wrapper.cfbundle; includeInIndex = 0; path = testAPTests.xctest; sourceTree = BUILT_PRODUCTS_DIR; };
		C62996F21B22EE7100AFD021 /* Info.plist */ = {isa = PBXFileReference; lastKnownFileType = text.plist.xml; path = Info.plist; sourceTree = "<group>"; };
		C62996F31B22EE7100AFD021 /* testAPTests.m */ = {isa = PBXFileReference; lastKnownFileType = sourcecode.c.objc; path = testAPTests.m; sourceTree = "<group>"; };
		C62997001B22EF3F00AFD021 /* AFHTTPRequestOperation.h */ = {isa = PBXFileReference; fileEncoding = 4; lastKnownFileType = sourcecode.c.h; name = AFHTTPRequestOperation.h; path = AFNetworking/AFHTTPRequestOperation.h; sourceTree = "<group>"; };
		C62997011B22EF3F00AFD021 /* AFHTTPRequestOperation.m */ = {isa = PBXFileReference; fileEncoding = 4; lastKnownFileType = sourcecode.c.objc; name = AFHTTPRequestOperation.m; path = AFNetworking/AFHTTPRequestOperation.m; sourceTree = "<group>"; };
		C62997021B22EF3F00AFD021 /* AFHTTPRequestOperationManager.h */ = {isa = PBXFileReference; fileEncoding = 4; lastKnownFileType = sourcecode.c.h; name = AFHTTPRequestOperationManager.h; path = AFNetworking/AFHTTPRequestOperationManager.h; sourceTree = "<group>"; };
		C62997031B22EF3F00AFD021 /* AFHTTPRequestOperationManager.m */ = {isa = PBXFileReference; fileEncoding = 4; lastKnownFileType = sourcecode.c.objc; name = AFHTTPRequestOperationManager.m; path = AFNetworking/AFHTTPRequestOperationManager.m; sourceTree = "<group>"; };
		C62997041B22EF3F00AFD021 /* AFHTTPSessionManager.h */ = {isa = PBXFileReference; fileEncoding = 4; lastKnownFileType = sourcecode.c.h; name = AFHTTPSessionManager.h; path = AFNetworking/AFHTTPSessionManager.h; sourceTree = "<group>"; };
		C62997051B22EF3F00AFD021 /* AFHTTPSessionManager.m */ = {isa = PBXFileReference; fileEncoding = 4; lastKnownFileType = sourcecode.c.objc; name = AFHTTPSessionManager.m; path = AFNetworking/AFHTTPSessionManager.m; sourceTree = "<group>"; };
		C62997061B22EF3F00AFD021 /* AFNetworking.h */ = {isa = PBXFileReference; fileEncoding = 4; lastKnownFileType = sourcecode.c.h; name = AFNetworking.h; path = AFNetworking/AFNetworking.h; sourceTree = "<group>"; };
		C62997071B22EF3F00AFD021 /* AFNetworkReachabilityManager.h */ = {isa = PBXFileReference; fileEncoding = 4; lastKnownFileType = sourcecode.c.h; name = AFNetworkReachabilityManager.h; path = AFNetworking/AFNetworkReachabilityManager.h; sourceTree = "<group>"; };
		C62997081B22EF3F00AFD021 /* AFNetworkReachabilityManager.m */ = {isa = PBXFileReference; fileEncoding = 4; lastKnownFileType = sourcecode.c.objc; name = AFNetworkReachabilityManager.m; path = AFNetworking/AFNetworkReachabilityManager.m; sourceTree = "<group>"; };
		C62997091B22EF3F00AFD021 /* AFSecurityPolicy.h */ = {isa = PBXFileReference; fileEncoding = 4; lastKnownFileType = sourcecode.c.h; name = AFSecurityPolicy.h; path = AFNetworking/AFSecurityPolicy.h; sourceTree = "<group>"; };
		C629970A1B22EF3F00AFD021 /* AFSecurityPolicy.m */ = {isa = PBXFileReference; fileEncoding = 4; lastKnownFileType = sourcecode.c.objc; name = AFSecurityPolicy.m; path = AFNetworking/AFSecurityPolicy.m; sourceTree = "<group>"; };
		C629970B1B22EF3F00AFD021 /* AFURLConnectionOperation.h */ = {isa = PBXFileReference; fileEncoding = 4; lastKnownFileType = sourcecode.c.h; name = AFURLConnectionOperation.h; path = AFNetworking/AFURLConnectionOperation.h; sourceTree = "<group>"; };
		C629970C1B22EF3F00AFD021 /* AFURLConnectionOperation.m */ = {isa = PBXFileReference; fileEncoding = 4; lastKnownFileType = sourcecode.c.objc; name = AFURLConnectionOperation.m; path = AFNetworking/AFURLConnectionOperation.m; sourceTree = "<group>"; };
		C629970D1B22EF3F00AFD021 /* AFURLRequestSerialization.h */ = {isa = PBXFileReference; fileEncoding = 4; lastKnownFileType = sourcecode.c.h; name = AFURLRequestSerialization.h; path = AFNetworking/AFURLRequestSerialization.h; sourceTree = "<group>"; };
		C629970E1B22EF3F00AFD021 /* AFURLRequestSerialization.m */ = {isa = PBXFileReference; fileEncoding = 4; lastKnownFileType = sourcecode.c.objc; name = AFURLRequestSerialization.m; path = AFNetworking/AFURLRequestSerialization.m; sourceTree = "<group>"; };
		C629970F1B22EF3F00AFD021 /* AFURLResponseSerialization.h */ = {isa = PBXFileReference; fileEncoding = 4; lastKnownFileType = sourcecode.c.h; name = AFURLResponseSerialization.h; path = AFNetworking/AFURLResponseSerialization.h; sourceTree = "<group>"; };
		C62997101B22EF3F00AFD021 /* AFURLResponseSerialization.m */ = {isa = PBXFileReference; fileEncoding = 4; lastKnownFileType = sourcecode.c.objc; name = AFURLResponseSerialization.m; path = AFNetworking/AFURLResponseSerialization.m; sourceTree = "<group>"; };
		C62997111B22EF3F00AFD021 /* AFURLSessionManager.h */ = {isa = PBXFileReference; fileEncoding = 4; lastKnownFileType = sourcecode.c.h; name = AFURLSessionManager.h; path = AFNetworking/AFURLSessionManager.h; sourceTree = "<group>"; };
		C62997121B22EF3F00AFD021 /* AFURLSessionManager.m */ = {isa = PBXFileReference; fileEncoding = 4; lastKnownFileType = sourcecode.c.objc; name = AFURLSessionManager.m; path = AFNetworking/AFURLSessionManager.m; sourceTree = "<group>"; };
		C629971C1B22F3FB00AFD021 /* APImageCreater.h */ = {isa = PBXFileReference; fileEncoding = 4; lastKnownFileType = sourcecode.c.h; name = APImageCreater.h; path = testAP/APImageCreater.h; sourceTree = "<group>"; };
		C629971D1B22F3FB00AFD021 /* APImageCreater.m */ = {isa = PBXFileReference; fileEncoding = 4; lastKnownFileType = sourcecode.c.objc; name = APImageCreater.m; path = testAP/APImageCreater.m; sourceTree = "<group>"; };
		C62997221B24331A00AFD021 /* libc++.dylib */ = {isa = PBXFileReference; lastKnownFileType = "compiled.mach-o.dylib"; name = "libc++.dylib"; path = "usr/lib/libc++.dylib"; sourceTree = SDKROOT; };
		C62997351B247EAE00AFD021 /* Realm.framework */ = {isa = PBXFileReference; lastKnownFileType = wrapper.framework; path = Realm.framework; sourceTree = "<group>"; };
		C62997391B247F0D00AFD021 /* APAlbum.h */ = {isa = PBXFileReference; fileEncoding = 4; lastKnownFileType = sourcecode.c.h; path = APAlbum.h; sourceTree = "<group>"; };
		C629973A1B247F0D00AFD021 /* APAlbum.m */ = {isa = PBXFileReference; fileEncoding = 4; lastKnownFileType = sourcecode.c.objc; path = APAlbum.m; sourceTree = "<group>"; };
		C629973B1B247F0D00AFD021 /* APImage.h */ = {isa = PBXFileReference; fileEncoding = 4; lastKnownFileType = sourcecode.c.h; path = APImage.h; sourceTree = "<group>"; };
		C629973C1B247F0D00AFD021 /* APImage.m */ = {isa = PBXFileReference; fileEncoding = 4; lastKnownFileType = sourcecode.c.objc; path = APImage.m; sourceTree = "<group>"; };
		C629973F1B24811700AFD021 /* APImageCell.h */ = {isa = PBXFileReference; fileEncoding = 4; lastKnownFileType = sourcecode.c.h; path = APImageCell.h; sourceTree = "<group>"; };
		C62997401B24811700AFD021 /* APImageCell.m */ = {isa = PBXFileReference; fileEncoding = 4; lastKnownFileType = sourcecode.c.objc; path = APImageCell.m; sourceTree = "<group>"; };
		C62997411B24811700AFD021 /* APImageCell.xib */ = {isa = PBXFileReference; fileEncoding = 4; lastKnownFileType = file.xib; path = APImageCell.xib; sourceTree = "<group>"; };
		C6E6360F1B24E66C0094644D /* APHeaderCollectoinView.h */ = {isa = PBXFileReference; fileEncoding = 4; lastKnownFileType = sourcecode.c.h; path = APHeaderCollectoinView.h; sourceTree = "<group>"; };
		C6E636101B24E66C0094644D /* APHeaderCollectoinView.m */ = {isa = PBXFileReference; fileEncoding = 4; lastKnownFileType = sourcecode.c.objc; path = APHeaderCollectoinView.m; sourceTree = "<group>"; };
		C6E636151B24F4AB0094644D /* APFooterCollectionView.h */ = {isa = PBXFileReference; fileEncoding = 4; lastKnownFileType = sourcecode.c.h; path = APFooterCollectionView.h; sourceTree = "<group>"; };
		C6E636161B24F4AB0094644D /* APFooterCollectionView.m */ = {isa = PBXFileReference; fileEncoding = 4; lastKnownFileType = sourcecode.c.objc; path = APFooterCollectionView.m; sourceTree = "<group>"; };
/* End PBXFileReference section */

/* Begin PBXFrameworksBuildPhase section */
		C62996D11B22EE7100AFD021 /* Frameworks */ = {
			isa = PBXFrameworksBuildPhase;
			buildActionMask = 2147483647;
			files = (
				C62997361B247EAE00AFD021 /* Realm.framework in Frameworks */,
				C62997231B24331A00AFD021 /* libc++.dylib in Frameworks */,
			);
			runOnlyForDeploymentPostprocessing = 0;
		};
		C62996EA1B22EE7100AFD021 /* Frameworks */ = {
			isa = PBXFrameworksBuildPhase;
			buildActionMask = 2147483647;
			files = (
			);
			runOnlyForDeploymentPostprocessing = 0;
		};
/* End PBXFrameworksBuildPhase section */

/* Begin PBXGroup section */
		C62996CB1B22EE7100AFD021 = {
			isa = PBXGroup;
			children = (
				C62996D61B22EE7100AFD021 /* testAP */,
				C62996F01B22EE7100AFD021 /* testAPTests */,
				C62996D51B22EE7100AFD021 /* Products */,
			);
			sourceTree = "<group>";
		};
		C62996D51B22EE7100AFD021 /* Products */ = {
			isa = PBXGroup;
			children = (
				C62996D41B22EE7100AFD021 /* testAP.app */,
				C62996ED1B22EE7100AFD021 /* testAPTests.xctest */,
			);
			name = Products;
			sourceTree = "<group>";
		};
		C62996D61B22EE7100AFD021 /* testAP */ = {
			isa = PBXGroup;
			children = (
				C6E636131B24F4230094644D /* View */,
				C6E636121B24F4050094644D /* View Controllers */,
				C62997381B247EF600AFD021 /* Model */,
				C6E636141B24F4330094644D /* Utils */,
				C62996DB1B22EE7100AFD021 /* AppDelegate.h */,
				C62996DC1B22EE7100AFD021 /* AppDelegate.m */,
				C62996E11B22EE7100AFD021 /* Main.storyboard */,
				C62996E41B22EE7100AFD021 /* Images.xcassets */,
				C62996E61B22EE7100AFD021 /* LaunchScreen.xib */,
				C62996D71B22EE7100AFD021 /* Supporting Files */,
				C629971F1B24328B00AFD021 /* Frameworks */,
			);
			path = testAP;
			sourceTree = "<group>";
		};
		C62996D71B22EE7100AFD021 /* Supporting Files */ = {
			isa = PBXGroup;
			children = (
				C62996D81B22EE7100AFD021 /* Info.plist */,
				C62996D91B22EE7100AFD021 /* main.m */,
			);
			name = "Supporting Files";
			sourceTree = "<group>";
		};
		C62996F01B22EE7100AFD021 /* testAPTests */ = {
			isa = PBXGroup;
			children = (
				C62996F31B22EE7100AFD021 /* testAPTests.m */,
				C62996F11B22EE7100AFD021 /* Supporting Files */,
			);
			path = testAPTests;
			sourceTree = "<group>";
		};
		C62996F11B22EE7100AFD021 /* Supporting Files */ = {
			isa = PBXGroup;
			children = (
				C62996F21B22EE7100AFD021 /* Info.plist */,
			);
			name = "Supporting Files";
			sourceTree = "<group>";
		};
		C62996FF1B22EF2C00AFD021 /* AFNetworking */ = {
			isa = PBXGroup;
			children = (
				C62997001B22EF3F00AFD021 /* AFHTTPRequestOperation.h */,
				C62997011B22EF3F00AFD021 /* AFHTTPRequestOperation.m */,
				C62997021B22EF3F00AFD021 /* AFHTTPRequestOperationManager.h */,
				C62997031B22EF3F00AFD021 /* AFHTTPRequestOperationManager.m */,
				C62997041B22EF3F00AFD021 /* AFHTTPSessionManager.h */,
				C62997051B22EF3F00AFD021 /* AFHTTPSessionManager.m */,
				C62997061B22EF3F00AFD021 /* AFNetworking.h */,
				C62997071B22EF3F00AFD021 /* AFNetworkReachabilityManager.h */,
				C62997081B22EF3F00AFD021 /* AFNetworkReachabilityManager.m */,
				C62997091B22EF3F00AFD021 /* AFSecurityPolicy.h */,
				C629970A1B22EF3F00AFD021 /* AFSecurityPolicy.m */,
				C629970B1B22EF3F00AFD021 /* AFURLConnectionOperation.h */,
				C629970C1B22EF3F00AFD021 /* AFURLConnectionOperation.m */,
				C629970D1B22EF3F00AFD021 /* AFURLRequestSerialization.h */,
				C629970E1B22EF3F00AFD021 /* AFURLRequestSerialization.m */,
				C629970F1B22EF3F00AFD021 /* AFURLResponseSerialization.h */,
				C62997101B22EF3F00AFD021 /* AFURLResponseSerialization.m */,
				C62997111B22EF3F00AFD021 /* AFURLSessionManager.h */,
				C62997121B22EF3F00AFD021 /* AFURLSessionManager.m */,
			);
			name = AFNetworking;
			sourceTree = "<group>";
		};
		C629971F1B24328B00AFD021 /* Frameworks */ = {
			isa = PBXGroup;
			children = (
				C62997351B247EAE00AFD021 /* Realm.framework */,
				C62997221B24331A00AFD021 /* libc++.dylib */,
				C62996FF1B22EF2C00AFD021 /* AFNetworking */,
			);
			name = Frameworks;
			sourceTree = "<group>";
		};
		C62997381B247EF600AFD021 /* Model */ = {
			isa = PBXGroup;
			children = (
				C62997391B247F0D00AFD021 /* APAlbum.h */,
				C629973A1B247F0D00AFD021 /* APAlbum.m */,
				C629973B1B247F0D00AFD021 /* APImage.h */,
				C629973C1B247F0D00AFD021 /* APImage.m */,
			);
			name = Model;
			sourceTree = "<group>";
		};
		C6E636121B24F4050094644D /* View Controllers */ = {
			isa = PBXGroup;
			children = (
				C62996DE1B22EE7100AFD021 /* APImageSelectorVC.h */,
				C62996DF1B22EE7100AFD021 /* APImageSelectorVC.m */,
			);
			name = "View Controllers";
			sourceTree = "<group>";
		};
		C6E636131B24F4230094644D /* View */ = {
			isa = PBXGroup;
			children = (
				C629973F1B24811700AFD021 /* APImageCell.h */,
				C62997401B24811700AFD021 /* APImageCell.m */,
				C62997411B24811700AFD021 /* APImageCell.xib */,
				C6E6360F1B24E66C0094644D /* APHeaderCollectoinView.h */,
				C6E636101B24E66C0094644D /* APHeaderCollectoinView.m */,
				C6E636151B24F4AB0094644D /* APFooterCollectionView.h */,
				C6E636161B24F4AB0094644D /* APFooterCollectionView.m */,
			);
			name = View;
			sourceTree = "<group>";
		};
		C6E636141B24F4330094644D /* Utils */ = {
			isa = PBXGroup;
			children = (
				C629971C1B22F3FB00AFD021 /* APImageCreater.h */,
				C629971D1B22F3FB00AFD021 /* APImageCreater.m */,
			);
			name = Utils;
			path = ..;
			sourceTree = "<group>";
		};
/* End PBXGroup section */

/* Begin PBXNativeTarget section */
		C62996D31B22EE7100AFD021 /* testAP */ = {
			isa = PBXNativeTarget;
			buildConfigurationList = C62996F71B22EE7100AFD021 /* Build configuration list for PBXNativeTarget "testAP" */;
			buildPhases = (
				C62996D01B22EE7100AFD021 /* Sources */,
				C62996D11B22EE7100AFD021 /* Frameworks */,
				C62996D21B22EE7100AFD021 /* Resources */,
			);
			buildRules = (
			);
			dependencies = (
			);
			name = testAP;
			productName = testAP;
			productReference = C62996D41B22EE7100AFD021 /* testAP.app */;
			productType = "com.apple.product-type.application";
		};
		C62996EC1B22EE7100AFD021 /* testAPTests */ = {
			isa = PBXNativeTarget;
			buildConfigurationList = C62996FA1B22EE7100AFD021 /* Build configuration list for PBXNativeTarget "testAPTests" */;
			buildPhases = (
				C62996E91B22EE7100AFD021 /* Sources */,
				C62996EA1B22EE7100AFD021 /* Frameworks */,
				C62996EB1B22EE7100AFD021 /* Resources */,
			);
			buildRules = (
			);
			dependencies = (
				C62996EF1B22EE7100AFD021 /* PBXTargetDependency */,
			);
			name = testAPTests;
			productName = testAPTests;
			productReference = C62996ED1B22EE7100AFD021 /* testAPTests.xctest */;
			productType = "com.apple.product-type.bundle.unit-test";
		};
/* End PBXNativeTarget section */

/* Begin PBXProject section */
		C62996CC1B22EE7100AFD021 /* Project object */ = {
			isa = PBXProject;
			attributes = {
				LastUpgradeCheck = 0630;
				ORGANIZATIONNAME = YauheniHindzin;
				TargetAttributes = {
					C62996D31B22EE7100AFD021 = {
						CreatedOnToolsVersion = 6.3.1;
					};
					C62996EC1B22EE7100AFD021 = {
						CreatedOnToolsVersion = 6.3.1;
						TestTargetID = C62996D31B22EE7100AFD021;
					};
				};
			};
			buildConfigurationList = C62996CF1B22EE7100AFD021 /* Build configuration list for PBXProject "testAP" */;
			compatibilityVersion = "Xcode 3.2";
			developmentRegion = English;
			hasScannedForEncodings = 0;
			knownRegions = (
				en,
				Base,
			);
			mainGroup = C62996CB1B22EE7100AFD021;
			productRefGroup = C62996D51B22EE7100AFD021 /* Products */;
			projectDirPath = "";
			projectRoot = "";
			targets = (
				C62996D31B22EE7100AFD021 /* testAP */,
				C62996EC1B22EE7100AFD021 /* testAPTests */,
			);
		};
/* End PBXProject section */

/* Begin PBXResourcesBuildPhase section */
		C62996D21B22EE7100AFD021 /* Resources */ = {
			isa = PBXResourcesBuildPhase;
			buildActionMask = 2147483647;
			files = (
				C62997431B24811700AFD021 /* APImageCell.xib in Resources */,
				C62996E31B22EE7100AFD021 /* Main.storyboard in Resources */,
				C62996E81B22EE7100AFD021 /* LaunchScreen.xib in Resources */,
				C62996E51B22EE7100AFD021 /* Images.xcassets in Resources */,
			);
			runOnlyForDeploymentPostprocessing = 0;
		};
		C62996EB1B22EE7100AFD021 /* Resources */ = {
			isa = PBXResourcesBuildPhase;
			buildActionMask = 2147483647;
			files = (
			);
			runOnlyForDeploymentPostprocessing = 0;
		};
/* End PBXResourcesBuildPhase section */

/* Begin PBXSourcesBuildPhase section */
		C62996D01B22EE7100AFD021 /* Sources */ = {
			isa = PBXSourcesBuildPhase;
			buildActionMask = 2147483647;
			files = (
				C6E636111B24E66C0094644D /* APHeaderCollectoinView.m in Sources */,
				C62997131B22EF3F00AFD021 /* AFHTTPRequestOperation.m in Sources */,
				C62996E01B22EE7100AFD021 /* APImageSelectorVC.m in Sources */,
				C629973E1B247F0D00AFD021 /* APImage.m in Sources */,
				C62997141B22EF3F00AFD021 /* AFHTTPRequestOperationManager.m in Sources */,
				C62997161B22EF3F00AFD021 /* AFNetworkReachabilityManager.m in Sources */,
				C629973D1B247F0D00AFD021 /* APAlbum.m in Sources */,
				C629971A1B22EF3F00AFD021 /* AFURLResponseSerialization.m in Sources */,
				C62997181B22EF3F00AFD021 /* AFURLConnectionOperation.m in Sources */,
				C62997171B22EF3F00AFD021 /* AFSecurityPolicy.m in Sources */,
				C629971E1B22F3FB00AFD021 /* APImageCreater.m in Sources */,
				C62997151B22EF3F00AFD021 /* AFHTTPSessionManager.m in Sources */,
				C6E636171B24F4AB0094644D /* APFooterCollectionView.m in Sources */,
				C62997191B22EF3F00AFD021 /* AFURLRequestSerialization.m in Sources */,
				C62997421B24811700AFD021 /* APImageCell.m in Sources */,
				C629971B1B22EF3F00AFD021 /* AFURLSessionManager.m in Sources */,
				C62996DD1B22EE7100AFD021 /* AppDelegate.m in Sources */,
				C62996DA1B22EE7100AFD021 /* main.m in Sources */,
			);
			runOnlyForDeploymentPostprocessing = 0;
		};
		C62996E91B22EE7100AFD021 /* Sources */ = {
			isa = PBXSourcesBuildPhase;
			buildActionMask = 2147483647;
			files = (
				C62996F41B22EE7100AFD021 /* testAPTests.m in Sources */,
			);
			runOnlyForDeploymentPostprocessing = 0;
		};
/* End PBXSourcesBuildPhase section */

/* Begin PBXTargetDependency section */
		C62996EF1B22EE7100AFD021 /* PBXTargetDependency */ = {
			isa = PBXTargetDependency;
			target = C62996D31B22EE7100AFD021 /* testAP */;
			targetProxy = C62996EE1B22EE7100AFD021 /* PBXContainerItemProxy */;
		};
/* End PBXTargetDependency section */

/* Begin PBXVariantGroup section */
		C62996E11B22EE7100AFD021 /* Main.storyboard */ = {
			isa = PBXVariantGroup;
			children = (
				C62996E21B22EE7100AFD021 /* Base */,
			);
			name = Main.storyboard;
			sourceTree = "<group>";
		};
		C62996E61B22EE7100AFD021 /* LaunchScreen.xib */ = {
			isa = PBXVariantGroup;
			children = (
				C62996E71B22EE7100AFD021 /* Base */,
			);
			name = LaunchScreen.xib;
			sourceTree = "<group>";
		};
/* End PBXVariantGroup section */

/* Begin XCBuildConfiguration section */
		C62996F51B22EE7100AFD021 /* Debug */ = {
			isa = XCBuildConfiguration;
			buildSettings = {
				ALWAYS_SEARCH_USER_PATHS = NO;
				CLANG_CXX_LANGUAGE_STANDARD = "gnu++0x";
				CLANG_CXX_LIBRARY = "libc++";
				CLANG_ENABLE_MODULES = YES;
				CLANG_ENABLE_OBJC_ARC = YES;
				CLANG_WARN_BOOL_CONVERSION = YES;
				CLANG_WARN_CONSTANT_CONVERSION = YES;
				CLANG_WARN_DIRECT_OBJC_ISA_USAGE = YES_ERROR;
				CLANG_WARN_EMPTY_BODY = YES;
				CLANG_WARN_ENUM_CONVERSION = YES;
				CLANG_WARN_INT_CONVERSION = YES;
				CLANG_WARN_OBJC_ROOT_CLASS = YES_ERROR;
				CLANG_WARN_UNREACHABLE_CODE = YES;
				CLANG_WARN__DUPLICATE_METHOD_MATCH = YES;
				"CODE_SIGN_IDENTITY[sdk=iphoneos*]" = "iPhone Developer";
				COPY_PHASE_STRIP = NO;
				DEBUG_INFORMATION_FORMAT = "dwarf-with-dsym";
				ENABLE_STRICT_OBJC_MSGSEND = YES;
				GCC_C_LANGUAGE_STANDARD = gnu99;
				GCC_DYNAMIC_NO_PIC = NO;
				GCC_NO_COMMON_BLOCKS = YES;
				GCC_OPTIMIZATION_LEVEL = 0;
				GCC_PREPROCESSOR_DEFINITIONS = (
					"DEBUG=1",
					"$(inherited)",
				);
				GCC_SYMBOLS_PRIVATE_EXTERN = NO;
				GCC_WARN_64_TO_32_BIT_CONVERSION = YES;
				GCC_WARN_ABOUT_RETURN_TYPE = YES_ERROR;
				GCC_WARN_UNDECLARED_SELECTOR = YES;
				GCC_WARN_UNINITIALIZED_AUTOS = YES_AGGRESSIVE;
				GCC_WARN_UNUSED_FUNCTION = YES;
				GCC_WARN_UNUSED_VARIABLE = YES;
				IPHONEOS_DEPLOYMENT_TARGET = 8.3;
				MTL_ENABLE_DEBUG_INFO = YES;
				ONLY_ACTIVE_ARCH = YES;
				SDKROOT = iphoneos;
			};
			name = Debug;
		};
		C62996F61B22EE7100AFD021 /* Release */ = {
			isa = XCBuildConfiguration;
			buildSettings = {
				ALWAYS_SEARCH_USER_PATHS = NO;
				CLANG_CXX_LANGUAGE_STANDARD = "gnu++0x";
				CLANG_CXX_LIBRARY = "libc++";
				CLANG_ENABLE_MODULES = YES;
				CLANG_ENABLE_OBJC_ARC = YES;
				CLANG_WARN_BOOL_CONVERSION = YES;
				CLANG_WARN_CONSTANT_CONVERSION = YES;
				CLANG_WARN_DIRECT_OBJC_ISA_USAGE = YES_ERROR;
				CLANG_WARN_EMPTY_BODY = YES;
				CLANG_WARN_ENUM_CONVERSION = YES;
				CLANG_WARN_INT_CONVERSION = YES;
				CLANG_WARN_OBJC_ROOT_CLASS = YES_ERROR;
				CLANG_WARN_UNREACHABLE_CODE = YES;
				CLANG_WARN__DUPLICATE_METHOD_MATCH = YES;
				"CODE_SIGN_IDENTITY[sdk=iphoneos*]" = "iPhone Developer";
				COPY_PHASE_STRIP = NO;
				DEBUG_INFORMATION_FORMAT = "dwarf-with-dsym";
				ENABLE_NS_ASSERTIONS = NO;
				ENABLE_STRICT_OBJC_MSGSEND = YES;
				GCC_C_LANGUAGE_STANDARD = gnu99;
				GCC_NO_COMMON_BLOCKS = YES;
				GCC_WARN_64_TO_32_BIT_CONVERSION = YES;
				GCC_WARN_ABOUT_RETURN_TYPE = YES_ERROR;
				GCC_WARN_UNDECLARED_SELECTOR = YES;
				GCC_WARN_UNINITIALIZED_AUTOS = YES_AGGRESSIVE;
				GCC_WARN_UNUSED_FUNCTION = YES;
				GCC_WARN_UNUSED_VARIABLE = YES;
				IPHONEOS_DEPLOYMENT_TARGET = 8.3;
				MTL_ENABLE_DEBUG_INFO = NO;
				SDKROOT = iphoneos;
				VALIDATE_PRODUCT = YES;
			};
			name = Release;
		};
		C62996F81B22EE7100AFD021 /* Debug */ = {
			isa = XCBuildConfiguration;
			buildSettings = {
				ASSETCATALOG_COMPILER_APPICON_NAME = AppIcon;
				FRAMEWORK_SEARCH_PATHS = (
					"$(inherited)",
					"$(PROJECT_DIR)/testAP",
				);
				INFOPLIST_FILE = testAP/Info.plist;
				LD_RUNPATH_SEARCH_PATHS = "$(inherited) @executable_path/Frameworks";
				PRODUCT_NAME = "$(TARGET_NAME)";
			};
			name = Debug;
		};
		C62996F91B22EE7100AFD021 /* Release */ = {
			isa = XCBuildConfiguration;
			buildSettings = {
				ASSETCATALOG_COMPILER_APPICON_NAME = AppIcon;
				FRAMEWORK_SEARCH_PATHS = (
					"$(inherited)",
					"$(PROJECT_DIR)/testAP",
				);
				INFOPLIST_FILE = testAP/Info.plist;
				LD_RUNPATH_SEARCH_PATHS = "$(inherited) @executable_path/Frameworks";
				PRODUCT_NAME = "$(TARGET_NAME)";
			};
			name = Release;
		};
		C62996FB1B22EE7100AFD021 /* Debug */ = {
			isa = XCBuildConfiguration;
			buildSettings = {
				BUNDLE_LOADER = "$(TEST_HOST)";
				FRAMEWORK_SEARCH_PATHS = (
					"$(SDKROOT)/Developer/Library/Frameworks",
					"$(inherited)",
				);
				GCC_PREPROCESSOR_DEFINITIONS = (
					"DEBUG=1",
					"$(inherited)",
				);
				INFOPLIST_FILE = testAPTests/Info.plist;
				LD_RUNPATH_SEARCH_PATHS = "$(inherited) @executable_path/Frameworks @loader_path/Frameworks";
				PRODUCT_NAME = "$(TARGET_NAME)";
				TEST_HOST = "$(BUILT_PRODUCTS_DIR)/testAP.app/testAP";
			};
			name = Debug;
		};
		C62996FC1B22EE7100AFD021 /* Release */ = {
			isa = XCBuildConfiguration;
			buildSettings = {
				BUNDLE_LOADER = "$(TEST_HOST)";
				FRAMEWORK_SEARCH_PATHS = (
					"$(SDKROOT)/Developer/Library/Frameworks",
					"$(inherited)",
				);
				INFOPLIST_FILE = testAPTests/Info.plist;
				LD_RUNPATH_SEARCH_PATHS = "$(inherited) @executable_path/Frameworks @loader_path/Frameworks";
				PRODUCT_NAME = "$(TARGET_NAME)";
				TEST_HOST = "$(BUILT_PRODUCTS_DIR)/testAP.app/testAP";
			};
			name = Release;
		};
/* End XCBuildConfiguration section */

/* Begin XCConfigurationList section */
		C62996CF1B22EE7100AFD021 /* Build configuration list for PBXProject "testAP" */ = {
			isa = XCConfigurationList;
			buildConfigurations = (
				C62996F51B22EE7100AFD021 /* Debug */,
				C62996F61B22EE7100AFD021 /* Release */,
			);
			defaultConfigurationIsVisible = 0;
			defaultConfigurationName = Release;
		};
		C62996F71B22EE7100AFD021 /* Build configuration list for PBXNativeTarget "testAP" */ = {
			isa = XCConfigurationList;
			buildConfigurations = (
				C62996F81B22EE7100AFD021 /* Debug */,
				C62996F91B22EE7100AFD021 /* Release */,
			);
			defaultConfigurationIsVisible = 0;
			defaultConfigurationName = Release;
		};
		C62996FA1B22EE7100AFD021 /* Build configuration list for PBXNativeTarget "testAPTests" */ = {
			isa = XCConfigurationList;
			buildConfigurations = (
				C62996FB1B22EE7100AFD021 /* Debug */,
				C62996FC1B22EE7100AFD021 /* Release */,
			);
			defaultConfigurationIsVisible = 0;
			defaultConfigurationName = Release;
		};
/* End XCConfigurationList section */
	};
	rootObject = C62996CC1B22EE7100AFD021 /* Project object */;
}
